
Microsoft Visual Studio Solution File, Format Version 12.00
# Visual Studio Version 16
VisualStudioVersion = 16.0.30611.23
MinimumVisualStudioVersion = 10.0.40219.1
Project("{FAE04EC0-301F-11D3-BF4B-00C04F79EFBC}") = "MiPrimerCsharp", "MiPrimerCsharp\MiPrimerCsharp.csproj", "{1668B955-9F98-42EB-A042-658AEA9DE92D}"
EndProject
Global
	GlobalSection(SolutionConfigurationPlatforms) = preSolution
		Debug|Any CPU = Debug|Any CPU
		Release|Any CPU = Release|Any CPU
	EndGlobalSection
	GlobalSection(ProjectConfigurationPlatforms) = postSolution
		{1668B955-9F98-42EB-A042-658AEA9DE92D}.Debug|Any CPU.ActiveCfg = Debug|Any CPU
		{1668B955-9F98-42EB-A042-658AEA9DE92D}.Debug|Any CPU.Build.0 = Debug|Any CPU
		{1668B955-9F98-42EB-A042-658AEA9DE92D}.Release|Any CPU.ActiveCfg = Release|Any CPU
		{1668B955-9F98-42EB-A042-658AEA9DE92D}.Release|Any CPU.Build.0 = Release|Any CPU
	EndGlobalSection
	GlobalSection(SolutionProperties) = preSolution
		HideSolutionNode = FALSE
	EndGlobalSection
	GlobalSection(ExtensibilityGlobals) = postSolution
		SolutionGuid = {F82C44C1-73B5-4967-B635-1DCE5391C8A2}
	EndGlobalSection
EndGlobal
